// !$*UTF8*$!
{
	archiveVersion = 1;
	classes = {
	};
	objectVersion = 56;
	objects = {

/* Begin PBXBuildFile section */
		1B7748142BE3AC69004CE4E5 /* AlertManager.swift in Sources */ = {isa = PBXBuildFile; fileRef = 1B7748132BE3AC69004CE4E5 /* AlertManager.swift */; };
		1B7748162BE3AC9E004CE4E5 /* AlertModels.swift in Sources */ = {isa = PBXBuildFile; fileRef = 1B7748152BE3AC9E004CE4E5 /* AlertModels.swift */; };
		1B9763B02BD3D348001BEB10 /* AppDelegate.swift in Sources */ = {isa = PBXBuildFile; fileRef = 1B9763AF2BD3D348001BEB10 /* AppDelegate.swift */; };
		1B9763B22BD3D348001BEB10 /* SceneDelegate.swift in Sources */ = {isa = PBXBuildFile; fileRef = 1B9763B12BD3D348001BEB10 /* SceneDelegate.swift */; };
		1B9763B42BD3D348001BEB10 /* ViewController.swift in Sources */ = {isa = PBXBuildFile; fileRef = 1B9763B32BD3D348001BEB10 /* ViewController.swift */; };
		1B9763B72BD3D348001BEB10 /* Main.storyboard in Resources */ = {isa = PBXBuildFile; fileRef = 1B9763B52BD3D348001BEB10 /* Main.storyboard */; };
		1B9763B92BD3D349001BEB10 /* Assets.xcassets in Resources */ = {isa = PBXBuildFile; fileRef = 1B9763B82BD3D349001BEB10 /* Assets.xcassets */; };
		1B9763BC2BD3D349001BEB10 /* LaunchScreen.storyboard in Resources */ = {isa = PBXBuildFile; fileRef = 1B9763BA2BD3D349001BEB10 /* LaunchScreen.storyboard */; };
		1B9763C42BD3DB20001BEB10 /* InjuredViewController.swift in Sources */ = {isa = PBXBuildFile; fileRef = 1B9763C32BD3DB20001BEB10 /* InjuredViewController.swift */; };
		1B9763C62BD3DB30001BEB10 /* RescuerViewController.swift in Sources */ = {isa = PBXBuildFile; fileRef = 1B9763C52BD3DB30001BEB10 /* RescuerViewController.swift */; };
		1B9763C92BD3DCE6001BEB10 /* TabBarController.swift in Sources */ = {isa = PBXBuildFile; fileRef = 1B9763C82BD3DCE6001BEB10 /* TabBarController.swift */; };
		1B9763CB2BD3DFDA001BEB10 /* ProfileViewController.swift in Sources */ = {isa = PBXBuildFile; fileRef = 1B9763CA2BD3DFDA001BEB10 /* ProfileViewController.swift */; };
		1B9763CD2BD3EF7A001BEB10 /* InjuredTabBarController.swift in Sources */ = {isa = PBXBuildFile; fileRef = 1B9763CC2BD3EF7A001BEB10 /* InjuredTabBarController.swift */; };
		1B9D6DD72BD653FE00E63C6E /* FirebaseAnalytics in Frameworks */ = {isa = PBXBuildFile; productRef = 1B9D6DD62BD653FE00E63C6E /* FirebaseAnalytics */; };
		1B9D6DD92BD653FE00E63C6E /* FirebaseAnalyticsOnDeviceConversion in Frameworks */ = {isa = PBXBuildFile; productRef = 1B9D6DD82BD653FE00E63C6E /* FirebaseAnalyticsOnDeviceConversion */; };
		1B9D6DDB2BD653FE00E63C6E /* FirebaseAnalyticsSwift in Frameworks */ = {isa = PBXBuildFile; productRef = 1B9D6DDA2BD653FE00E63C6E /* FirebaseAnalyticsSwift */; };
		1B9D6DDD2BD653FE00E63C6E /* FirebaseAnalyticsWithoutAdIdSupport in Frameworks */ = {isa = PBXBuildFile; productRef = 1B9D6DDC2BD653FE00E63C6E /* FirebaseAnalyticsWithoutAdIdSupport */; };
		1B9D6DDF2BD653FE00E63C6E /* FirebaseAppCheck in Frameworks */ = {isa = PBXBuildFile; productRef = 1B9D6DDE2BD653FE00E63C6E /* FirebaseAppCheck */; };
		1B9D6DE12BD653FE00E63C6E /* FirebaseAppDistribution-Beta in Frameworks */ = {isa = PBXBuildFile; productRef = 1B9D6DE02BD653FE00E63C6E /* FirebaseAppDistribution-Beta */; };
		1B9D6DE32BD653FE00E63C6E /* FirebaseAuth in Frameworks */ = {isa = PBXBuildFile; productRef = 1B9D6DE22BD653FE00E63C6E /* FirebaseAuth */; };
		1B9D6DE52BD653FE00E63C6E /* FirebaseAuthCombine-Community in Frameworks */ = {isa = PBXBuildFile; productRef = 1B9D6DE42BD653FE00E63C6E /* FirebaseAuthCombine-Community */; };
		1B9D6DE72BD653FE00E63C6E /* FirebaseCrashlytics in Frameworks */ = {isa = PBXBuildFile; productRef = 1B9D6DE62BD653FE00E63C6E /* FirebaseCrashlytics */; };
		1B9D6DE92BD653FE00E63C6E /* FirebaseFirestore in Frameworks */ = {isa = PBXBuildFile; productRef = 1B9D6DE82BD653FE00E63C6E /* FirebaseFirestore */; };
		1B9D6DEB2BD653FE00E63C6E /* FirebaseFirestoreSwift in Frameworks */ = {isa = PBXBuildFile; productRef = 1B9D6DEA2BD653FE00E63C6E /* FirebaseFirestoreSwift */; };
		1B9D6DED2BD653FE00E63C6E /* FirebaseFunctionsCombine-Community in Frameworks */ = {isa = PBXBuildFile; productRef = 1B9D6DEC2BD653FE00E63C6E /* FirebaseFunctionsCombine-Community */; };
		1B9D6DEF2BD653FE00E63C6E /* FirebaseInAppMessaging-Beta in Frameworks */ = {isa = PBXBuildFile; productRef = 1B9D6DEE2BD653FE00E63C6E /* FirebaseInAppMessaging-Beta */; };
		1B9D6DF12BD653FE00E63C6E /* FirebaseInAppMessagingSwift-Beta in Frameworks */ = {isa = PBXBuildFile; productRef = 1B9D6DF02BD653FE00E63C6E /* FirebaseInAppMessagingSwift-Beta */; };
		1B9D6DF32BD653FE00E63C6E /* FirebaseInstallations in Frameworks */ = {isa = PBXBuildFile; productRef = 1B9D6DF22BD653FE00E63C6E /* FirebaseInstallations */; };
		1B9D6DF52BD653FE00E63C6E /* FirebaseMLModelDownloader in Frameworks */ = {isa = PBXBuildFile; productRef = 1B9D6DF42BD653FE00E63C6E /* FirebaseMLModelDownloader */; };
		1B9D6DF72BD653FE00E63C6E /* FirebaseMessaging in Frameworks */ = {isa = PBXBuildFile; productRef = 1B9D6DF62BD653FE00E63C6E /* FirebaseMessaging */; };
		1B9D6DF92BD653FE00E63C6E /* FirebasePerformance in Frameworks */ = {isa = PBXBuildFile; productRef = 1B9D6DF82BD653FE00E63C6E /* FirebasePerformance */; };
		1B9D6DFB2BD653FE00E63C6E /* FirebaseRemoteConfig in Frameworks */ = {isa = PBXBuildFile; productRef = 1B9D6DFA2BD653FE00E63C6E /* FirebaseRemoteConfig */; };
		1B9D6DFD2BD653FE00E63C6E /* FirebaseRemoteConfigSwift in Frameworks */ = {isa = PBXBuildFile; productRef = 1B9D6DFC2BD653FE00E63C6E /* FirebaseRemoteConfigSwift */; };
		1B9D6DFF2BD653FE00E63C6E /* FirebaseStorage in Frameworks */ = {isa = PBXBuildFile; productRef = 1B9D6DFE2BD653FE00E63C6E /* FirebaseStorage */; };
		1B9D6E012BD653FE00E63C6E /* FirebaseStorageCombine-Community in Frameworks */ = {isa = PBXBuildFile; productRef = 1B9D6E002BD653FE00E63C6E /* FirebaseStorageCombine-Community */; };
		1B9D6E042BD6541F00E63C6E /* FirebaseService.swift in Sources */ = {isa = PBXBuildFile; fileRef = 1B9D6E032BD6541F00E63C6E /* FirebaseService.swift */; };
		1B9D6E062BD654FE00E63C6E /* FirebaseRepository.swift in Sources */ = {isa = PBXBuildFile; fileRef = 1B9D6E052BD654FE00E63C6E /* FirebaseRepository.swift */; };
		1B9D6E082BD6A68A00E63C6E /* GoogleService-Info.plist in Resources */ = {isa = PBXBuildFile; fileRef = 1B9D6E072BD6A68A00E63C6E /* GoogleService-Info.plist */; };
		1B9D6E0A2BD6AAFC00E63C6E /* LocationService.swift in Sources */ = {isa = PBXBuildFile; fileRef = 1B9D6E092BD6AAFC00E63C6E /* LocationService.swift */; };
		1B9D6E0D2BD7A5A500E63C6E /* YBaseMapView.swift in Sources */ = {isa = PBXBuildFile; fileRef = 1B9D6E0C2BD7A5A500E63C6E /* YBaseMapView.swift */; };
		1B9D6E0F2BDD3E8D00E63C6E /* LandscapeHelper.swift in Sources */ = {isa = PBXBuildFile; fileRef = 1B9D6E0E2BDD3E8D00E63C6E /* LandscapeHelper.swift */; };
		A1613B6D27A4C233E94CDD28 /* Pods_DisasterAssistance.framework in Frameworks */ = {isa = PBXBuildFile; fileRef = 524E2CD7A15FDFF5E8934FDD /* Pods_DisasterAssistance.framework */; };
/* End PBXBuildFile section */

/* Begin PBXFileReference section */
		1B7748132BE3AC69004CE4E5 /* AlertManager.swift */ = {isa = PBXFileReference; fileEncoding = 4; lastKnownFileType = sourcecode.swift; path = AlertManager.swift; sourceTree = "<group>"; };
		1B7748152BE3AC9E004CE4E5 /* AlertModels.swift */ = {isa = PBXFileReference; fileEncoding = 4; lastKnownFileType = sourcecode.swift; path = AlertModels.swift; sourceTree = "<group>"; };
		1B9763AC2BD3D348001BEB10 /* DisasterAssistance.app */ = {isa = PBXFileReference; explicitFileType = wrapper.application; includeInIndex = 0; path = DisasterAssistance.app; sourceTree = BUILT_PRODUCTS_DIR; };
		1B9763AF2BD3D348001BEB10 /* AppDelegate.swift */ = {isa = PBXFileReference; lastKnownFileType = sourcecode.swift; path = AppDelegate.swift; sourceTree = "<group>"; };
		1B9763B12BD3D348001BEB10 /* SceneDelegate.swift */ = {isa = PBXFileReference; lastKnownFileType = sourcecode.swift; path = SceneDelegate.swift; sourceTree = "<group>"; };
		1B9763B32BD3D348001BEB10 /* ViewController.swift */ = {isa = PBXFileReference; lastKnownFileType = sourcecode.swift; path = ViewController.swift; sourceTree = "<group>"; };
		1B9763B62BD3D348001BEB10 /* Base */ = {isa = PBXFileReference; lastKnownFileType = file.storyboard; name = Base; path = Base.lproj/Main.storyboard; sourceTree = "<group>"; };
		1B9763B82BD3D349001BEB10 /* Assets.xcassets */ = {isa = PBXFileReference; lastKnownFileType = folder.assetcatalog; path = Assets.xcassets; sourceTree = "<group>"; };
		1B9763BB2BD3D349001BEB10 /* Base */ = {isa = PBXFileReference; lastKnownFileType = file.storyboard; name = Base; path = Base.lproj/LaunchScreen.storyboard; sourceTree = "<group>"; };
		1B9763BD2BD3D349001BEB10 /* Info.plist */ = {isa = PBXFileReference; lastKnownFileType = text.plist.xml; path = Info.plist; sourceTree = "<group>"; };
		1B9763C32BD3DB20001BEB10 /* InjuredViewController.swift */ = {isa = PBXFileReference; lastKnownFileType = sourcecode.swift; path = InjuredViewController.swift; sourceTree = "<group>"; };
		1B9763C52BD3DB30001BEB10 /* RescuerViewController.swift */ = {isa = PBXFileReference; lastKnownFileType = sourcecode.swift; path = RescuerViewController.swift; sourceTree = "<group>"; };
		1B9763C82BD3DCE6001BEB10 /* TabBarController.swift */ = {isa = PBXFileReference; lastKnownFileType = sourcecode.swift; path = TabBarController.swift; sourceTree = "<group>"; };
		1B9763CA2BD3DFDA001BEB10 /* ProfileViewController.swift */ = {isa = PBXFileReference; lastKnownFileType = sourcecode.swift; path = ProfileViewController.swift; sourceTree = "<group>"; };
		1B9763CC2BD3EF7A001BEB10 /* InjuredTabBarController.swift */ = {isa = PBXFileReference; lastKnownFileType = sourcecode.swift; path = InjuredTabBarController.swift; sourceTree = "<group>"; };
		1B9D6E032BD6541F00E63C6E /* FirebaseService.swift */ = {isa = PBXFileReference; lastKnownFileType = sourcecode.swift; path = FirebaseService.swift; sourceTree = "<group>"; };
		1B9D6E052BD654FE00E63C6E /* FirebaseRepository.swift */ = {isa = PBXFileReference; lastKnownFileType = sourcecode.swift; path = FirebaseRepository.swift; sourceTree = "<group>"; };
		1B9D6E072BD6A68A00E63C6E /* GoogleService-Info.plist */ = {isa = PBXFileReference; fileEncoding = 4; lastKnownFileType = text.plist.xml; path = "GoogleService-Info.plist"; sourceTree = "<group>"; };
		1B9D6E092BD6AAFC00E63C6E /* LocationService.swift */ = {isa = PBXFileReference; lastKnownFileType = sourcecode.swift; path = LocationService.swift; sourceTree = "<group>"; };
		1B9D6E0C2BD7A5A500E63C6E /* YBaseMapView.swift */ = {isa = PBXFileReference; lastKnownFileType = sourcecode.swift; path = YBaseMapView.swift; sourceTree = "<group>"; };
		1B9D6E0E2BDD3E8D00E63C6E /* LandscapeHelper.swift */ = {isa = PBXFileReference; lastKnownFileType = sourcecode.swift; path = LandscapeHelper.swift; sourceTree = "<group>"; };
		244623F84D5319E197254034 /* Pods-DisasterAssistance.debug.xcconfig */ = {isa = PBXFileReference; includeInIndex = 1; lastKnownFileType = text.xcconfig; name = "Pods-DisasterAssistance.debug.xcconfig"; path = "Target Support Files/Pods-DisasterAssistance/Pods-DisasterAssistance.debug.xcconfig"; sourceTree = "<group>"; };
		524E2CD7A15FDFF5E8934FDD /* Pods_DisasterAssistance.framework */ = {isa = PBXFileReference; explicitFileType = wrapper.framework; includeInIndex = 0; path = Pods_DisasterAssistance.framework; sourceTree = BUILT_PRODUCTS_DIR; };
		F83FEE2FABC81FD7C8196204 /* Pods-DisasterAssistance.release.xcconfig */ = {isa = PBXFileReference; includeInIndex = 1; lastKnownFileType = text.xcconfig; name = "Pods-DisasterAssistance.release.xcconfig"; path = "Target Support Files/Pods-DisasterAssistance/Pods-DisasterAssistance.release.xcconfig"; sourceTree = "<group>"; };
/* End PBXFileReference section */

/* Begin PBXFrameworksBuildPhase section */
		1B9763A92BD3D348001BEB10 /* Frameworks */ = {
			isa = PBXFrameworksBuildPhase;
			buildActionMask = 2147483647;
			files = (
				1B9D6E012BD653FE00E63C6E /* FirebaseStorageCombine-Community in Frameworks */,
				1B9D6DEF2BD653FE00E63C6E /* FirebaseInAppMessaging-Beta in Frameworks */,
				1B9D6DDB2BD653FE00E63C6E /* FirebaseAnalyticsSwift in Frameworks */,
				1B9D6DF92BD653FE00E63C6E /* FirebasePerformance in Frameworks */,
				1B9D6DF12BD653FE00E63C6E /* FirebaseInAppMessagingSwift-Beta in Frameworks */,
				1B9D6DF52BD653FE00E63C6E /* FirebaseMLModelDownloader in Frameworks */,
				1B9D6DD72BD653FE00E63C6E /* FirebaseAnalytics in Frameworks */,
				1B9D6DD92BD653FE00E63C6E /* FirebaseAnalyticsOnDeviceConversion in Frameworks */,
				1B9D6DE92BD653FE00E63C6E /* FirebaseFirestore in Frameworks */,
				1B9D6DDF2BD653FE00E63C6E /* FirebaseAppCheck in Frameworks */,
				1B9D6DEB2BD653FE00E63C6E /* FirebaseFirestoreSwift in Frameworks */,
				1B9D6DFB2BD653FE00E63C6E /* FirebaseRemoteConfig in Frameworks */,
				1B9D6DFF2BD653FE00E63C6E /* FirebaseStorage in Frameworks */,
				1B9D6DF72BD653FE00E63C6E /* FirebaseMessaging in Frameworks */,
				1B9D6DDD2BD653FE00E63C6E /* FirebaseAnalyticsWithoutAdIdSupport in Frameworks */,
				1B9D6DF32BD653FE00E63C6E /* FirebaseInstallations in Frameworks */,
				1B9D6DE32BD653FE00E63C6E /* FirebaseAuth in Frameworks */,
				1B9D6DE72BD653FE00E63C6E /* FirebaseCrashlytics in Frameworks */,
				1B9D6DE12BD653FE00E63C6E /* FirebaseAppDistribution-Beta in Frameworks */,
				1B9D6DFD2BD653FE00E63C6E /* FirebaseRemoteConfigSwift in Frameworks */,
				1B9D6DE52BD653FE00E63C6E /* FirebaseAuthCombine-Community in Frameworks */,
				1B9D6DED2BD653FE00E63C6E /* FirebaseFunctionsCombine-Community in Frameworks */,
				A1613B6D27A4C233E94CDD28 /* Pods_DisasterAssistance.framework in Frameworks */,
			);
			runOnlyForDeploymentPostprocessing = 0;
		};
/* End PBXFrameworksBuildPhase section */

/* Begin PBXGroup section */
		1B9763A32BD3D348001BEB10 = {
			isa = PBXGroup;
			children = (
				1B9763AE2BD3D348001BEB10 /* DisasterAssistance */,
				1B9763AD2BD3D348001BEB10 /* Products */,
				F12F1A21EA72628482CDDD8A /* Pods */,
				8D6FF5598223D2467D5510FD /* Frameworks */,
			);
			sourceTree = "<group>";
		};
		1B9763AD2BD3D348001BEB10 /* Products */ = {
			isa = PBXGroup;
			children = (
				1B9763AC2BD3D348001BEB10 /* DisasterAssistance.app */,
			);
			name = Products;
			sourceTree = "<group>";
		};
		1B9763AE2BD3D348001BEB10 /* DisasterAssistance */ = {
			isa = PBXGroup;
			children = (
				1B7748152BE3AC9E004CE4E5 /* AlertModels.swift */,
				1B7748132BE3AC69004CE4E5 /* AlertManager.swift */,
				1B9D6E102BDD3E9200E63C6E /* Helpers */,
				1B9D6E0B2BD7A59700E63C6E /* Views */,
				1B9D6E022BD6540E00E63C6E /* Services */,
				1B9763C72BD3DB39001BEB10 /* ViewControllers */,
				1B9763AF2BD3D348001BEB10 /* AppDelegate.swift */,
				1B9763B12BD3D348001BEB10 /* SceneDelegate.swift */,
				1B9763B52BD3D348001BEB10 /* Main.storyboard */,
				1B9763B82BD3D349001BEB10 /* Assets.xcassets */,
				1B9763BA2BD3D349001BEB10 /* LaunchScreen.storyboard */,
				1B9763BD2BD3D349001BEB10 /* Info.plist */,
				1B9D6E072BD6A68A00E63C6E /* GoogleService-Info.plist */,
				1B9D6E052BD654FE00E63C6E /* FirebaseRepository.swift */,
			);
			path = DisasterAssistance;
			sourceTree = "<group>";
		};
		1B9763C72BD3DB39001BEB10 /* ViewControllers */ = {
			isa = PBXGroup;
			children = (
				1B9763B32BD3D348001BEB10 /* ViewController.swift */,
				1B9763C32BD3DB20001BEB10 /* InjuredViewController.swift */,
				1B9763C52BD3DB30001BEB10 /* RescuerViewController.swift */,
				1B9763C82BD3DCE6001BEB10 /* TabBarController.swift */,
				1B9763CC2BD3EF7A001BEB10 /* InjuredTabBarController.swift */,
				1B9763CA2BD3DFDA001BEB10 /* ProfileViewController.swift */,
			);
			path = ViewControllers;
			sourceTree = "<group>";
		};
		1B9D6E022BD6540E00E63C6E /* Services */ = {
			isa = PBXGroup;
			children = (
				1B9D6E032BD6541F00E63C6E /* FirebaseService.swift */,
				1B9D6E092BD6AAFC00E63C6E /* LocationService.swift */,
			);
			path = Services;
			sourceTree = "<group>";
		};
		1B9D6E0B2BD7A59700E63C6E /* Views */ = {
			isa = PBXGroup;
			children = (
				1B9D6E0C2BD7A5A500E63C6E /* YBaseMapView.swift */,
			);
			path = Views;
			sourceTree = "<group>";
		};
		1B9D6E102BDD3E9200E63C6E /* Helpers */ = {
			isa = PBXGroup;
			children = (
				1B9D6E0E2BDD3E8D00E63C6E /* LandscapeHelper.swift */,
			);
			path = Helpers;
			sourceTree = "<group>";
		};
		8D6FF5598223D2467D5510FD /* Frameworks */ = {
			isa = PBXGroup;
			children = (
				524E2CD7A15FDFF5E8934FDD /* Pods_DisasterAssistance.framework */,
			);
			name = Frameworks;
			sourceTree = "<group>";
		};
		F12F1A21EA72628482CDDD8A /* Pods */ = {
			isa = PBXGroup;
			children = (
				244623F84D5319E197254034 /* Pods-DisasterAssistance.debug.xcconfig */,
				F83FEE2FABC81FD7C8196204 /* Pods-DisasterAssistance.release.xcconfig */,
			);
			path = Pods;
			sourceTree = "<group>";
		};
/* End PBXGroup section */

/* Begin PBXNativeTarget section */
		1B9763AB2BD3D348001BEB10 /* DisasterAssistance */ = {
			isa = PBXNativeTarget;
			buildConfigurationList = 1B9763C02BD3D349001BEB10 /* Build configuration list for PBXNativeTarget "DisasterAssistance" */;
			buildPhases = (
				DFFF5EB0BD4A160A55BB2B5C /* [CP] Check Pods Manifest.lock */,
				1B9763A82BD3D348001BEB10 /* Sources */,
				1B9763A92BD3D348001BEB10 /* Frameworks */,
				1B9763AA2BD3D348001BEB10 /* Resources */,
				77210C18194A963846D37BC1 /* [CP] Copy Pods Resources */,
			);
			buildRules = (
			);
			dependencies = (
			);
			name = DisasterAssistance;
			packageProductDependencies = (
				1B9D6DD62BD653FE00E63C6E /* FirebaseAnalytics */,
				1B9D6DD82BD653FE00E63C6E /* FirebaseAnalyticsOnDeviceConversion */,
				1B9D6DDA2BD653FE00E63C6E /* FirebaseAnalyticsSwift */,
				1B9D6DDC2BD653FE00E63C6E /* FirebaseAnalyticsWithoutAdIdSupport */,
				1B9D6DDE2BD653FE00E63C6E /* FirebaseAppCheck */,
				1B9D6DE02BD653FE00E63C6E /* FirebaseAppDistribution-Beta */,
				1B9D6DE22BD653FE00E63C6E /* FirebaseAuth */,
				1B9D6DE42BD653FE00E63C6E /* FirebaseAuthCombine-Community */,
				1B9D6DE62BD653FE00E63C6E /* FirebaseCrashlytics */,
				1B9D6DE82BD653FE00E63C6E /* FirebaseFirestore */,
				1B9D6DEA2BD653FE00E63C6E /* FirebaseFirestoreSwift */,
				1B9D6DEC2BD653FE00E63C6E /* FirebaseFunctionsCombine-Community */,
				1B9D6DEE2BD653FE00E63C6E /* FirebaseInAppMessaging-Beta */,
				1B9D6DF02BD653FE00E63C6E /* FirebaseInAppMessagingSwift-Beta */,
				1B9D6DF22BD653FE00E63C6E /* FirebaseInstallations */,
				1B9D6DF42BD653FE00E63C6E /* FirebaseMLModelDownloader */,
				1B9D6DF62BD653FE00E63C6E /* FirebaseMessaging */,
				1B9D6DF82BD653FE00E63C6E /* FirebasePerformance */,
				1B9D6DFA2BD653FE00E63C6E /* FirebaseRemoteConfig */,
				1B9D6DFC2BD653FE00E63C6E /* FirebaseRemoteConfigSwift */,
				1B9D6DFE2BD653FE00E63C6E /* FirebaseStorage */,
				1B9D6E002BD653FE00E63C6E /* FirebaseStorageCombine-Community */,
			);
			productName = DisasterAssistance;
			productReference = 1B9763AC2BD3D348001BEB10 /* DisasterAssistance.app */;
			productType = "com.apple.product-type.application";
		};
/* End PBXNativeTarget section */

/* Begin PBXProject section */
		1B9763A42BD3D348001BEB10 /* Project object */ = {
			isa = PBXProject;
			attributes = {
				BuildIndependentTargetsInParallel = 1;
				LastSwiftUpdateCheck = 1500;
				LastUpgradeCheck = 1500;
				TargetAttributes = {
					1B9763AB2BD3D348001BEB10 = {
						CreatedOnToolsVersion = 15.0.1;
					};
				};
			};
			buildConfigurationList = 1B9763A72BD3D348001BEB10 /* Build configuration list for PBXProject "DisasterAssistance" */;
			compatibilityVersion = "Xcode 14.0";
			developmentRegion = en;
			hasScannedForEncodings = 0;
			knownRegions = (
				en,
				Base,
			);
			mainGroup = 1B9763A32BD3D348001BEB10;
			packageReferences = (
				1B9D6DD52BD653FE00E63C6E /* XCRemoteSwiftPackageReference "firebase-ios-sdk" */,
			);
			productRefGroup = 1B9763AD2BD3D348001BEB10 /* Products */;
			projectDirPath = "";
			projectRoot = "";
			targets = (
				1B9763AB2BD3D348001BEB10 /* DisasterAssistance */,
			);
		};
/* End PBXProject section */

/* Begin PBXResourcesBuildPhase section */
		1B9763AA2BD3D348001BEB10 /* Resources */ = {
			isa = PBXResourcesBuildPhase;
			buildActionMask = 2147483647;
			files = (
				1B9763BC2BD3D349001BEB10 /* LaunchScreen.storyboard in Resources */,
				1B9D6E082BD6A68A00E63C6E /* GoogleService-Info.plist in Resources */,
				1B9763B92BD3D349001BEB10 /* Assets.xcassets in Resources */,
				1B9763B72BD3D348001BEB10 /* Main.storyboard in Resources */,
			);
			runOnlyForDeploymentPostprocessing = 0;
		};
/* End PBXResourcesBuildPhase section */

/* Begin PBXShellScriptBuildPhase section */
		77210C18194A963846D37BC1 /* [CP] Copy Pods Resources */ = {
			isa = PBXShellScriptBuildPhase;
			buildActionMask = 2147483647;
			files = (
			);
			inputFileListPaths = (
				"${PODS_ROOT}/Target Support Files/Pods-DisasterAssistance/Pods-DisasterAssistance-resources-${CONFIGURATION}-input-files.xcfilelist",
			);
			name = "[CP] Copy Pods Resources";
			outputFileListPaths = (
				"${PODS_ROOT}/Target Support Files/Pods-DisasterAssistance/Pods-DisasterAssistance-resources-${CONFIGURATION}-output-files.xcfilelist",
			);
			runOnlyForDeploymentPostprocessing = 0;
			shellPath = /bin/sh;
			shellScript = "\"${PODS_ROOT}/Target Support Files/Pods-DisasterAssistance/Pods-DisasterAssistance-resources.sh\"\n";
			showEnvVarsInLog = 0;
		};
		DFFF5EB0BD4A160A55BB2B5C /* [CP] Check Pods Manifest.lock */ = {
			isa = PBXShellScriptBuildPhase;
			buildActionMask = 2147483647;
			files = (
			);
			inputFileListPaths = (
			);
			inputPaths = (
				"${PODS_PODFILE_DIR_PATH}/Podfile.lock",
				"${PODS_ROOT}/Manifest.lock",
			);
			name = "[CP] Check Pods Manifest.lock";
			outputFileListPaths = (
			);
			outputPaths = (
				"$(DERIVED_FILE_DIR)/Pods-DisasterAssistance-checkManifestLockResult.txt",
			);
			runOnlyForDeploymentPostprocessing = 0;
			shellPath = /bin/sh;
			shellScript = "diff \"${PODS_PODFILE_DIR_PATH}/Podfile.lock\" \"${PODS_ROOT}/Manifest.lock\" > /dev/null\nif [ $? != 0 ] ; then\n    # print error to STDERR\n    echo \"error: The sandbox is not in sync with the Podfile.lock. Run 'pod install' or update your CocoaPods installation.\" >&2\n    exit 1\nfi\n# This output is used by Xcode 'outputs' to avoid re-running this script phase.\necho \"SUCCESS\" > \"${SCRIPT_OUTPUT_FILE_0}\"\n";
			showEnvVarsInLog = 0;
		};
/* End PBXShellScriptBuildPhase section */

/* Begin PBXSourcesBuildPhase section */
		1B9763A82BD3D348001BEB10 /* Sources */ = {
			isa = PBXSourcesBuildPhase;
			buildActionMask = 2147483647;
			files = (
				1B9763B42BD3D348001BEB10 /* ViewController.swift in Sources */,
				1B9763CD2BD3EF7A001BEB10 /* InjuredTabBarController.swift in Sources */,
				1B9763C92BD3DCE6001BEB10 /* TabBarController.swift in Sources */,
				1B9763B02BD3D348001BEB10 /* AppDelegate.swift in Sources */,
				1B9D6E042BD6541F00E63C6E /* FirebaseService.swift in Sources */,
				1B9763C42BD3DB20001BEB10 /* InjuredViewController.swift in Sources */,
				1B9D6E0A2BD6AAFC00E63C6E /* LocationService.swift in Sources */,
				1B9763CB2BD3DFDA001BEB10 /* ProfileViewController.swift in Sources */,
				1B9763C62BD3DB30001BEB10 /* RescuerViewController.swift in Sources */,
				1B9D6E062BD654FE00E63C6E /* FirebaseRepository.swift in Sources */,
				1B7748162BE3AC9E004CE4E5 /* AlertModels.swift in Sources */,
				1B9D6E0D2BD7A5A500E63C6E /* YBaseMapView.swift in Sources */,
				1B9763B22BD3D348001BEB10 /* SceneDelegate.swift in Sources */,
				1B7748142BE3AC69004CE4E5 /* AlertManager.swift in Sources */,
				1B9D6E0F2BDD3E8D00E63C6E /* LandscapeHelper.swift in Sources */,
			);
			runOnlyForDeploymentPostprocessing = 0;
		};
/* End PBXSourcesBuildPhase section */

/* Begin PBXVariantGroup section */
		1B9763B52BD3D348001BEB10 /* Main.storyboard */ = {
			isa = PBXVariantGroup;
			children = (
				1B9763B62BD3D348001BEB10 /* Base */,
			);
			name = Main.storyboard;
			sourceTree = "<group>";
		};
		1B9763BA2BD3D349001BEB10 /* LaunchScreen.storyboard */ = {
			isa = PBXVariantGroup;
			children = (
				1B9763BB2BD3D349001BEB10 /* Base */,
			);
			name = LaunchScreen.storyboard;
			sourceTree = "<group>";
		};
/* End PBXVariantGroup section */

/* Begin XCBuildConfiguration section */
		1B9763BE2BD3D349001BEB10 /* Debug */ = {
			isa = XCBuildConfiguration;
			buildSettings = {
				ALWAYS_SEARCH_USER_PATHS = NO;
				ASSETCATALOG_COMPILER_GENERATE_SWIFT_ASSET_SYMBOL_EXTENSIONS = YES;
				CLANG_ANALYZER_NONNULL = YES;
				CLANG_ANALYZER_NUMBER_OBJECT_CONVERSION = YES_AGGRESSIVE;
				CLANG_CXX_LANGUAGE_STANDARD = "gnu++20";
				CLANG_ENABLE_MODULES = YES;
				CLANG_ENABLE_OBJC_ARC = YES;
				CLANG_ENABLE_OBJC_WEAK = YES;
				CLANG_WARN_BLOCK_CAPTURE_AUTORELEASING = YES;
				CLANG_WARN_BOOL_CONVERSION = YES;
				CLANG_WARN_COMMA = YES;
				CLANG_WARN_CONSTANT_CONVERSION = YES;
				CLANG_WARN_DEPRECATED_OBJC_IMPLEMENTATIONS = YES;
				CLANG_WARN_DIRECT_OBJC_ISA_USAGE = YES_ERROR;
				CLANG_WARN_DOCUMENTATION_COMMENTS = YES;
				CLANG_WARN_EMPTY_BODY = YES;
				CLANG_WARN_ENUM_CONVERSION = YES;
				CLANG_WARN_INFINITE_RECURSION = YES;
				CLANG_WARN_INT_CONVERSION = YES;
				CLANG_WARN_NON_LITERAL_NULL_CONVERSION = YES;
				CLANG_WARN_OBJC_IMPLICIT_RETAIN_SELF = YES;
				CLANG_WARN_OBJC_LITERAL_CONVERSION = YES;
				CLANG_WARN_OBJC_ROOT_CLASS = YES_ERROR;
				CLANG_WARN_QUOTED_INCLUDE_IN_FRAMEWORK_HEADER = YES;
				CLANG_WARN_RANGE_LOOP_ANALYSIS = YES;
				CLANG_WARN_STRICT_PROTOTYPES = YES;
				CLANG_WARN_SUSPICIOUS_MOVE = YES;
				CLANG_WARN_UNGUARDED_AVAILABILITY = YES_AGGRESSIVE;
				CLANG_WARN_UNREACHABLE_CODE = YES;
				CLANG_WARN__DUPLICATE_METHOD_MATCH = YES;
				COPY_PHASE_STRIP = NO;
				DEBUG_INFORMATION_FORMAT = dwarf;
				ENABLE_STRICT_OBJC_MSGSEND = YES;
				ENABLE_TESTABILITY = YES;
				ENABLE_USER_SCRIPT_SANDBOXING = YES;
				GCC_C_LANGUAGE_STANDARD = gnu17;
				GCC_DYNAMIC_NO_PIC = NO;
				GCC_NO_COMMON_BLOCKS = YES;
				GCC_OPTIMIZATION_LEVEL = 0;
				GCC_PREPROCESSOR_DEFINITIONS = (
					"DEBUG=1",
					"$(inherited)",
				);
				GCC_WARN_64_TO_32_BIT_CONVERSION = YES;
				GCC_WARN_ABOUT_RETURN_TYPE = YES_ERROR;
				GCC_WARN_UNDECLARED_SELECTOR = YES;
				GCC_WARN_UNINITIALIZED_AUTOS = YES_AGGRESSIVE;
				GCC_WARN_UNUSED_FUNCTION = YES;
				GCC_WARN_UNUSED_VARIABLE = YES;
				IPHONEOS_DEPLOYMENT_TARGET = 17.0;
				LOCALIZATION_PREFERS_STRING_CATALOGS = YES;
				MTL_ENABLE_DEBUG_INFO = INCLUDE_SOURCE;
				MTL_FAST_MATH = YES;
				ONLY_ACTIVE_ARCH = YES;
				SDKROOT = iphoneos;
				SWIFT_ACTIVE_COMPILATION_CONDITIONS = "DEBUG $(inherited)";
				SWIFT_OPTIMIZATION_LEVEL = "-Onone";
			};
			name = Debug;
		};
		1B9763BF2BD3D349001BEB10 /* Release */ = {
			isa = XCBuildConfiguration;
			buildSettings = {
				ALWAYS_SEARCH_USER_PATHS = NO;
				ASSETCATALOG_COMPILER_GENERATE_SWIFT_ASSET_SYMBOL_EXTENSIONS = YES;
				CLANG_ANALYZER_NONNULL = YES;
				CLANG_ANALYZER_NUMBER_OBJECT_CONVERSION = YES_AGGRESSIVE;
				CLANG_CXX_LANGUAGE_STANDARD = "gnu++20";
				CLANG_ENABLE_MODULES = YES;
				CLANG_ENABLE_OBJC_ARC = YES;
				CLANG_ENABLE_OBJC_WEAK = YES;
				CLANG_WARN_BLOCK_CAPTURE_AUTORELEASING = YES;
				CLANG_WARN_BOOL_CONVERSION = YES;
				CLANG_WARN_COMMA = YES;
				CLANG_WARN_CONSTANT_CONVERSION = YES;
				CLANG_WARN_DEPRECATED_OBJC_IMPLEMENTATIONS = YES;
				CLANG_WARN_DIRECT_OBJC_ISA_USAGE = YES_ERROR;
				CLANG_WARN_DOCUMENTATION_COMMENTS = YES;
				CLANG_WARN_EMPTY_BODY = YES;
				CLANG_WARN_ENUM_CONVERSION = YES;
				CLANG_WARN_INFINITE_RECURSION = YES;
				CLANG_WARN_INT_CONVERSION = YES;
				CLANG_WARN_NON_LITERAL_NULL_CONVERSION = YES;
				CLANG_WARN_OBJC_IMPLICIT_RETAIN_SELF = YES;
				CLANG_WARN_OBJC_LITERAL_CONVERSION = YES;
				CLANG_WARN_OBJC_ROOT_CLASS = YES_ERROR;
				CLANG_WARN_QUOTED_INCLUDE_IN_FRAMEWORK_HEADER = YES;
				CLANG_WARN_RANGE_LOOP_ANALYSIS = YES;
				CLANG_WARN_STRICT_PROTOTYPES = YES;
				CLANG_WARN_SUSPICIOUS_MOVE = YES;
				CLANG_WARN_UNGUARDED_AVAILABILITY = YES_AGGRESSIVE;
				CLANG_WARN_UNREACHABLE_CODE = YES;
				CLANG_WARN__DUPLICATE_METHOD_MATCH = YES;
				COPY_PHASE_STRIP = NO;
				DEBUG_INFORMATION_FORMAT = "dwarf-with-dsym";
				ENABLE_NS_ASSERTIONS = NO;
				ENABLE_STRICT_OBJC_MSGSEND = YES;
				ENABLE_USER_SCRIPT_SANDBOXING = YES;
				GCC_C_LANGUAGE_STANDARD = gnu17;
				GCC_NO_COMMON_BLOCKS = YES;
				GCC_WARN_64_TO_32_BIT_CONVERSION = YES;
				GCC_WARN_ABOUT_RETURN_TYPE = YES_ERROR;
				GCC_WARN_UNDECLARED_SELECTOR = YES;
				GCC_WARN_UNINITIALIZED_AUTOS = YES_AGGRESSIVE;
				GCC_WARN_UNUSED_FUNCTION = YES;
				GCC_WARN_UNUSED_VARIABLE = YES;
				IPHONEOS_DEPLOYMENT_TARGET = 17.0;
				LOCALIZATION_PREFERS_STRING_CATALOGS = YES;
				MTL_ENABLE_DEBUG_INFO = NO;
				MTL_FAST_MATH = YES;
				SDKROOT = iphoneos;
				SWIFT_COMPILATION_MODE = wholemodule;
				VALIDATE_PRODUCT = YES;
			};
			name = Release;
		};
		1B9763C12BD3D349001BEB10 /* Debug */ = {
			isa = XCBuildConfiguration;
			baseConfigurationReference = 244623F84D5319E197254034 /* Pods-DisasterAssistance.debug.xcconfig */;
			buildSettings = {
				ASSETCATALOG_COMPILER_APPICON_NAME = AppIcon;
				ASSETCATALOG_COMPILER_GLOBAL_ACCENT_COLOR_NAME = AccentColor;
				CODE_SIGN_STYLE = Automatic;
				CURRENT_PROJECT_VERSION = 1;
				DEVELOPMENT_TEAM = 4A6Q5M35JJ;
				ENABLE_USER_SCRIPT_SANDBOXING = NO;
				GENERATE_INFOPLIST_FILE = YES;
				INFOPLIST_FILE = DisasterAssistance/Info.plist;
				INFOPLIST_KEY_NSLocationAlwaysAndWhenInUseUsageDescription = "Для осуществления помощи, спасателям необходимо знать вашу геопозицию";
				INFOPLIST_KEY_NSLocationWhenInUseUsageDescription = "Для осуществления помощи, спасателям необходимо знать вашу геопозицию";
				INFOPLIST_KEY_UIApplicationSupportsIndirectInputEvents = YES;
				INFOPLIST_KEY_UILaunchStoryboardName = LaunchScreen;
				INFOPLIST_KEY_UIMainStoryboardFile = Main;
				INFOPLIST_KEY_UISupportedInterfaceOrientations_iPad = "UIInterfaceOrientationPortrait UIInterfaceOrientationPortraitUpsideDown UIInterfaceOrientationLandscapeLeft UIInterfaceOrientationLandscapeRight";
				INFOPLIST_KEY_UISupportedInterfaceOrientations_iPhone = "UIInterfaceOrientationPortrait UIInterfaceOrientationLandscapeLeft UIInterfaceOrientationLandscapeRight";
				LD_RUNPATH_SEARCH_PATHS = (
					"$(inherited)",
					"@executable_path/Frameworks",
				);
				MARKETING_VERSION = 1.0;
				PRODUCT_BUNDLE_IDENTIFIER = urakov.DisasterAssistance;
				PRODUCT_NAME = "$(TARGET_NAME)";
				SWIFT_EMIT_LOC_STRINGS = YES;
				SWIFT_VERSION = 5.0;
				TARGETED_DEVICE_FAMILY = "1,2";
			};
			name = Debug;
		};
		1B9763C22BD3D349001BEB10 /* Release */ = {
			isa = XCBuildConfiguration;
			baseConfigurationReference = F83FEE2FABC81FD7C8196204 /* Pods-DisasterAssistance.release.xcconfig */;
			buildSettings = {
				ASSETCATALOG_COMPILER_APPICON_NAME = AppIcon;
				ASSETCATALOG_COMPILER_GLOBAL_ACCENT_COLOR_NAME = AccentColor;
				CODE_SIGN_STYLE = Automatic;
				CURRENT_PROJECT_VERSION = 1;
				DEVELOPMENT_TEAM = 4A6Q5M35JJ;
				ENABLE_USER_SCRIPT_SANDBOXING = NO;
				GENERATE_INFOPLIST_FILE = YES;
				INFOPLIST_FILE = DisasterAssistance/Info.plist;
				INFOPLIST_KEY_NSLocationAlwaysAndWhenInUseUsageDescription = "Для осуществления помощи, спасателям необходимо знать вашу геопозицию";
				INFOPLIST_KEY_NSLocationWhenInUseUsageDescription = "Для осуществления помощи, спасателям необходимо знать вашу геопозицию";
				INFOPLIST_KEY_UIApplicationSupportsIndirectInputEvents = YES;
				INFOPLIST_KEY_UILaunchStoryboardName = LaunchScreen;
				INFOPLIST_KEY_UIMainStoryboardFile = Main;
				INFOPLIST_KEY_UISupportedInterfaceOrientations_iPad = "UIInterfaceOrientationPortrait UIInterfaceOrientationPortraitUpsideDown UIInterfaceOrientationLandscapeLeft UIInterfaceOrientationLandscapeRight";
				INFOPLIST_KEY_UISupportedInterfaceOrientations_iPhone = "UIInterfaceOrientationPortrait UIInterfaceOrientationLandscapeLeft UIInterfaceOrientationLandscapeRight";
				LD_RUNPATH_SEARCH_PATHS = (
					"$(inherited)",
					"@executable_path/Frameworks",
				);
				MARKETING_VERSION = 1.0;
				PRODUCT_BUNDLE_IDENTIFIER = urakov.DisasterAssistance;
				PRODUCT_NAME = "$(TARGET_NAME)";
				SWIFT_EMIT_LOC_STRINGS = YES;
				SWIFT_VERSION = 5.0;
				TARGETED_DEVICE_FAMILY = "1,2";
			};
			name = Release;
		};
/* End XCBuildConfiguration section */

/* Begin XCConfigurationList section */
		1B9763A72BD3D348001BEB10 /* Build configuration list for PBXProject "DisasterAssistance" */ = {
			isa = XCConfigurationList;
			buildConfigurations = (
				1B9763BE2BD3D349001BEB10 /* Debug */,
				1B9763BF2BD3D349001BEB10 /* Release */,
			);
			defaultConfigurationIsVisible = 0;
			defaultConfigurationName = Release;
		};
		1B9763C02BD3D349001BEB10 /* Build configuration list for PBXNativeTarget "DisasterAssistance" */ = {
			isa = XCConfigurationList;
			buildConfigurations = (
				1B9763C12BD3D349001BEB10 /* Debug */,
				1B9763C22BD3D349001BEB10 /* Release */,
			);
			defaultConfigurationIsVisible = 0;
			defaultConfigurationName = Release;
		};
/* End XCConfigurationList section */

/* Begin XCRemoteSwiftPackageReference section */
		1B9D6DD52BD653FE00E63C6E /* XCRemoteSwiftPackageReference "firebase-ios-sdk" */ = {
			isa = XCRemoteSwiftPackageReference;
			repositoryURL = "https://github.com/firebase/firebase-ios-sdk";
			requirement = {
				kind = upToNextMajorVersion;
				minimumVersion = 10.24.0;
			};
		};
/* End XCRemoteSwiftPackageReference section */

/* Begin XCSwiftPackageProductDependency section */
		1B9D6DD62BD653FE00E63C6E /* FirebaseAnalytics */ = {
			isa = XCSwiftPackageProductDependency;
			package = 1B9D6DD52BD653FE00E63C6E /* XCRemoteSwiftPackageReference "firebase-ios-sdk" */;
			productName = FirebaseAnalytics;
		};
		1B9D6DD82BD653FE00E63C6E /* FirebaseAnalyticsOnDeviceConversion */ = {
			isa = XCSwiftPackageProductDependency;
			package = 1B9D6DD52BD653FE00E63C6E /* XCRemoteSwiftPackageReference "firebase-ios-sdk" */;
			productName = FirebaseAnalyticsOnDeviceConversion;
		};
		1B9D6DDA2BD653FE00E63C6E /* FirebaseAnalyticsSwift */ = {
			isa = XCSwiftPackageProductDependency;
			package = 1B9D6DD52BD653FE00E63C6E /* XCRemoteSwiftPackageReference "firebase-ios-sdk" */;
			productName = FirebaseAnalyticsSwift;
		};
		1B9D6DDC2BD653FE00E63C6E /* FirebaseAnalyticsWithoutAdIdSupport */ = {
			isa = XCSwiftPackageProductDependency;
			package = 1B9D6DD52BD653FE00E63C6E /* XCRemoteSwiftPackageReference "firebase-ios-sdk" */;
			productName = FirebaseAnalyticsWithoutAdIdSupport;
		};
		1B9D6DDE2BD653FE00E63C6E /* FirebaseAppCheck */ = {
			isa = XCSwiftPackageProductDependency;
			package = 1B9D6DD52BD653FE00E63C6E /* XCRemoteSwiftPackageReference "firebase-ios-sdk" */;
			productName = FirebaseAppCheck;
		};
		1B9D6DE02BD653FE00E63C6E /* FirebaseAppDistribution-Beta */ = {
			isa = XCSwiftPackageProductDependency;
			package = 1B9D6DD52BD653FE00E63C6E /* XCRemoteSwiftPackageReference "firebase-ios-sdk" */;
			productName = "FirebaseAppDistribution-Beta";
		};
		1B9D6DE22BD653FE00E63C6E /* FirebaseAuth */ = {
			isa = XCSwiftPackageProductDependency;
			package = 1B9D6DD52BD653FE00E63C6E /* XCRemoteSwiftPackageReference "firebase-ios-sdk" */;
			productName = FirebaseAuth;
		};
		1B9D6DE42BD653FE00E63C6E /* FirebaseAuthCombine-Community */ = {
			isa = XCSwiftPackageProductDependency;
			package = 1B9D6DD52BD653FE00E63C6E /* XCRemoteSwiftPackageReference "firebase-ios-sdk" */;
			productName = "FirebaseAuthCombine-Community";
		};
		1B9D6DE62BD653FE00E63C6E /* FirebaseCrashlytics */ = {
			isa = XCSwiftPackageProductDependency;
			package = 1B9D6DD52BD653FE00E63C6E /* XCRemoteSwiftPackageReference "firebase-ios-sdk" */;
			productName = FirebaseCrashlytics;
		};
		1B9D6DE82BD653FE00E63C6E /* FirebaseFirestore */ = {
			isa = XCSwiftPackageProductDependency;
			package = 1B9D6DD52BD653FE00E63C6E /* XCRemoteSwiftPackageReference "firebase-ios-sdk" */;
			productName = FirebaseFirestore;
		};
		1B9D6DEA2BD653FE00E63C6E /* FirebaseFirestoreSwift */ = {
			isa = XCSwiftPackageProductDependency;
			package = 1B9D6DD52BD653FE00E63C6E /* XCRemoteSwiftPackageReference "firebase-ios-sdk" */;
			productName = FirebaseFirestoreSwift;
		};
		1B9D6DEC2BD653FE00E63C6E /* FirebaseFunctionsCombine-Community */ = {
			isa = XCSwiftPackageProductDependency;
			package = 1B9D6DD52BD653FE00E63C6E /* XCRemoteSwiftPackageReference "firebase-ios-sdk" */;
			productName = "FirebaseFunctionsCombine-Community";
		};
		1B9D6DEE2BD653FE00E63C6E /* FirebaseInAppMessaging-Beta */ = {
			isa = XCSwiftPackageProductDependency;
			package = 1B9D6DD52BD653FE00E63C6E /* XCRemoteSwiftPackageReference "firebase-ios-sdk" */;
			productName = "FirebaseInAppMessaging-Beta";
		};
		1B9D6DF02BD653FE00E63C6E /* FirebaseInAppMessagingSwift-Beta */ = {
			isa = XCSwiftPackageProductDependency;
			package = 1B9D6DD52BD653FE00E63C6E /* XCRemoteSwiftPackageReference "firebase-ios-sdk" */;
			productName = "FirebaseInAppMessagingSwift-Beta";
		};
		1B9D6DF22BD653FE00E63C6E /* FirebaseInstallations */ = {
			isa = XCSwiftPackageProductDependency;
			package = 1B9D6DD52BD653FE00E63C6E /* XCRemoteSwiftPackageReference "firebase-ios-sdk" */;
			productName = FirebaseInstallations;
		};
		1B9D6DF42BD653FE00E63C6E /* FirebaseMLModelDownloader */ = {
			isa = XCSwiftPackageProductDependency;
			package = 1B9D6DD52BD653FE00E63C6E /* XCRemoteSwiftPackageReference "firebase-ios-sdk" */;
			productName = FirebaseMLModelDownloader;
		};
		1B9D6DF62BD653FE00E63C6E /* FirebaseMessaging */ = {
			isa = XCSwiftPackageProductDependency;
			package = 1B9D6DD52BD653FE00E63C6E /* XCRemoteSwiftPackageReference "firebase-ios-sdk" */;
			productName = FirebaseMessaging;
		};
		1B9D6DF82BD653FE00E63C6E /* FirebasePerformance */ = {
			isa = XCSwiftPackageProductDependency;
			package = 1B9D6DD52BD653FE00E63C6E /* XCRemoteSwiftPackageReference "firebase-ios-sdk" */;
			productName = FirebasePerformance;
		};
		1B9D6DFA2BD653FE00E63C6E /* FirebaseRemoteConfig */ = {
			isa = XCSwiftPackageProductDependency;
			package = 1B9D6DD52BD653FE00E63C6E /* XCRemoteSwiftPackageReference "firebase-ios-sdk" */;
			productName = FirebaseRemoteConfig;
		};
		1B9D6DFC2BD653FE00E63C6E /* FirebaseRemoteConfigSwift */ = {
			isa = XCSwiftPackageProductDependency;
			package = 1B9D6DD52BD653FE00E63C6E /* XCRemoteSwiftPackageReference "firebase-ios-sdk" */;
			productName = FirebaseRemoteConfigSwift;
		};
		1B9D6DFE2BD653FE00E63C6E /* FirebaseStorage */ = {
			isa = XCSwiftPackageProductDependency;
			package = 1B9D6DD52BD653FE00E63C6E /* XCRemoteSwiftPackageReference "firebase-ios-sdk" */;
			productName = FirebaseStorage;
		};
		1B9D6E002BD653FE00E63C6E /* FirebaseStorageCombine-Community */ = {
			isa = XCSwiftPackageProductDependency;
			package = 1B9D6DD52BD653FE00E63C6E /* XCRemoteSwiftPackageReference "firebase-ios-sdk" */;
			productName = "FirebaseStorageCombine-Community";
		};
/* End XCSwiftPackageProductDependency section */
	};
	rootObject = 1B9763A42BD3D348001BEB10 /* Project object */;
}
